
Microsoft Visual Studio Solution File, Format Version 12.00
# Visual Studio Version 16
VisualStudioVersion = 16.0.30320.27
MinimumVisualStudioVersion = 15.0.26124.0
Project("{2150E333-8FDC-42A3-9474-1A3956D46DE8}") = "src", "src", "{AE469D2E-EF21-4F07-B5B4-46BBC4061D10}"
EndProject
Project("{2150E333-8FDC-42A3-9474-1A3956D46DE8}") = "test", "test", "{4B907854-B08B-41DD-95CB-3D9358987AEA}"
EndProject
Project("{9A19103F-16F7-4668-BE54-9A1E7A4F7556}") = "Xunit.OpenCategories.V3", "src\Xunit.OpenCategories.V3\Xunit.OpenCategories.V3.csproj", "{C82AD558-CEC5-463E-9CA3-451DF7D5F785}"
EndProject
Project("{2150E333-8FDC-42A3-9474-1A3956D46DE8}") = "Solution Items", "Solution Items", "{DF4C12C3-6C00-45C7-AC5A-5CFC49829E6D}"
	ProjectSection(SolutionItems) = preProject
		.gitignore = .gitignore
		README.md = README.md
		.gitmessage = .gitmessage
		.markdownlint.json = .markdownlint.json
		build.cake = build.cake
		CHANGELOG.md = CHANGELOG.md
		LICENSE.txt = LICENSE.txt
		semver.json = semver.json
		.editorconfig = .editorconfig
		doxygen.config = doxygen.config
		DOCUMENTATION.md = DOCUMENTATION.md
		nuget.config = nuget.config
	EndProjectSection
EndProject
Project("{FAE04EC0-301F-11D3-BF4B-00C04F79EFBC}") = "Xunit.OpenCategories.UnitTests.V3", "test\Xunit.OpenCategories.UnitTests.V3\Xunit.OpenCategories.UnitTests.V3.csproj", "{006D9C54-6352-4131-A909-6E11FA5D5F2A}"
EndProject
Project("{FAE04EC0-301F-11D3-BF4B-00C04F79EFBC}") = "Xunit.OpenCategories", "src\Xunit.OpenCategories\Xunit.OpenCategories.csproj", "{9DCFA3C3-EB01-4D6A-8118-59ACC423541A}"
EndProject
Project("{FAE04EC0-301F-11D3-BF4B-00C04F79EFBC}") = "Xunit.OpenCategories.UnitTests", "test\Xunit.OpenCategories.UnitTests\Xunit.OpenCategories.UnitTests.csproj", "{D4369C4F-ACCF-4453-8E4C-303C964DF956}"
EndProject
Project("{FAE04EC0-301F-11D3-BF4B-00C04F79EFBC}") = "Xunit.OpenCategories.SourceGenerators", "src\Xunit.OpenCategories.SourceGenerators\Xunit.OpenCategories.SourceGenerators.csproj", "{C83AD540-6691-4CB3-8578-A46E0DE12BF1}"
EndProject
Project("{FAE04EC0-301F-11D3-BF4B-00C04F79EFBC}") = "Xunit.OpenCategories.V3.SourceGenerators", "src\Xunit.OpenCategories.V3.SourceGenerators\Xunit.OpenCategories.V3.SourceGenerators.csproj", "{CCADCB23-EE83-4AAD-B8AA-FB84D9D0B1C4}"
EndProject
Global
	GlobalSection(SolutionConfigurationPlatforms) = preSolution
		Debug|Any CPU = Debug|Any CPU
		Debug|x64 = Debug|x64
		Debug|x86 = Debug|x86
		Release|Any CPU = Release|Any CPU
		Release|x64 = Release|x64
		Release|x86 = Release|x86
	EndGlobalSection
	GlobalSection(ProjectConfigurationPlatforms) = postSolution
		{C82AD558-CEC5-463E-9CA3-451DF7D5F785}.Debug|Any CPU.ActiveCfg = Debug|Any CPU
		{C82AD558-CEC5-463E-9CA3-451DF7D5F785}.Debug|Any CPU.Build.0 = Debug|Any CPU
		{C82AD558-CEC5-463E-9CA3-451DF7D5F785}.Debug|x64.ActiveCfg = Debug|Any CPU
		{C82AD558-CEC5-463E-9CA3-451DF7D5F785}.Debug|x64.Build.0 = Debug|Any CPU
		{C82AD558-CEC5-463E-9CA3-451DF7D5F785}.Debug|x86.ActiveCfg = Debug|Any CPU
		{C82AD558-CEC5-463E-9CA3-451DF7D5F785}.Debug|x86.Build.0 = Debug|Any CPU
		{C82AD558-CEC5-463E-9CA3-451DF7D5F785}.Release|Any CPU.ActiveCfg = Release|Any CPU
		{C82AD558-CEC5-463E-9CA3-451DF7D5F785}.Release|Any CPU.Build.0 = Release|Any CPU
		{C82AD558-CEC5-463E-9CA3-451DF7D5F785}.Release|x64.ActiveCfg = Release|Any CPU
		{C82AD558-CEC5-463E-9CA3-451DF7D5F785}.Release|x64.Build.0 = Release|Any CPU
		{C82AD558-CEC5-463E-9CA3-451DF7D5F785}.Release|x86.ActiveCfg = Release|Any CPU
		{C82AD558-CEC5-463E-9CA3-451DF7D5F785}.Release|x86.Build.0 = Release|Any CPU
		{006D9C54-6352-4131-A909-6E11FA5D5F2A}.Debug|Any CPU.ActiveCfg = Debug|Any CPU
		{006D9C54-6352-4131-A909-6E11FA5D5F2A}.Debug|Any CPU.Build.0 = Debug|Any CPU
		{006D9C54-6352-4131-A909-6E11FA5D5F2A}.Debug|x64.ActiveCfg = Debug|Any CPU
		{006D9C54-6352-4131-A909-6E11FA5D5F2A}.Debug|x64.Build.0 = Debug|Any CPU
		{006D9C54-6352-4131-A909-6E11FA5D5F2A}.Debug|x86.ActiveCfg = Debug|Any CPU
		{006D9C54-6352-4131-A909-6E11FA5D5F2A}.Debug|x86.Build.0 = Debug|Any CPU
		{006D9C54-6352-4131-A909-6E11FA5D5F2A}.Release|Any CPU.ActiveCfg = Release|Any CPU
		{006D9C54-6352-4131-A909-6E11FA5D5F2A}.Release|Any CPU.Build.0 = Release|Any CPU
		{006D9C54-6352-4131-A909-6E11FA5D5F2A}.Release|x64.ActiveCfg = Release|Any CPU
		{006D9C54-6352-4131-A909-6E11FA5D5F2A}.Release|x64.Build.0 = Release|Any CPU
		{006D9C54-6352-4131-A909-6E11FA5D5F2A}.Release|x86.ActiveCfg = Release|Any CPU
		{006D9C54-6352-4131-A909-6E11FA5D5F2A}.Release|x86.Build.0 = Release|Any CPU
		{9DCFA3C3-EB01-4D6A-8118-59ACC423541A}.Debug|Any CPU.ActiveCfg = Debug|Any CPU
		{9DCFA3C3-EB01-4D6A-8118-59ACC423541A}.Debug|Any CPU.Build.0 = Debug|Any CPU
		{9DCFA3C3-EB01-4D6A-8118-59ACC423541A}.Debug|x64.ActiveCfg = Debug|Any CPU
		{9DCFA3C3-EB01-4D6A-8118-59ACC423541A}.Debug|x64.Build.0 = Debug|Any CPU
		{9DCFA3C3-EB01-4D6A-8118-59ACC423541A}.Debug|x86.ActiveCfg = Debug|Any CPU
		{9DCFA3C3-EB01-4D6A-8118-59ACC423541A}.Debug|x86.Build.0 = Debug|Any CPU
		{9DCFA3C3-EB01-4D6A-8118-59ACC423541A}.Release|Any CPU.ActiveCfg = Release|Any CPU
		{9DCFA3C3-EB01-4D6A-8118-59ACC423541A}.Release|Any CPU.Build.0 = Release|Any CPU
		{9DCFA3C3-EB01-4D6A-8118-59ACC423541A}.Release|x64.ActiveCfg = Release|Any CPU
		{9DCFA3C3-EB01-4D6A-8118-59ACC423541A}.Release|x64.Build.0 = Release|Any CPU
		{9DCFA3C3-EB01-4D6A-8118-59ACC423541A}.Release|x86.ActiveCfg = Release|Any CPU
		{9DCFA3C3-EB01-4D6A-8118-59ACC423541A}.Release|x86.Build.0 = Release|Any CPU
		{D4369C4F-ACCF-4453-8E4C-303C964DF956}.Debug|Any CPU.ActiveCfg = Debug|Any CPU
		{D4369C4F-ACCF-4453-8E4C-303C964DF956}.Debug|Any CPU.Build.0 = Debug|Any CPU
		{D4369C4F-ACCF-4453-8E4C-303C964DF956}.Debug|x64.ActiveCfg = Debug|Any CPU
		{D4369C4F-ACCF-4453-8E4C-303C964DF956}.Debug|x64.Build.0 = Debug|Any CPU
		{D4369C4F-ACCF-4453-8E4C-303C964DF956}.Debug|x86.ActiveCfg = Debug|Any CPU
		{D4369C4F-ACCF-4453-8E4C-303C964DF956}.Debug|x86.Build.0 = Debug|Any CPU
		{D4369C4F-ACCF-4453-8E4C-303C964DF956}.Release|Any CPU.ActiveCfg = Release|Any CPU
		{D4369C4F-ACCF-4453-8E4C-303C964DF956}.Release|Any CPU.Build.0 = Release|Any CPU
		{D4369C4F-ACCF-4453-8E4C-303C964DF956}.Release|x64.ActiveCfg = Release|Any CPU
		{D4369C4F-ACCF-4453-8E4C-303C964DF956}.Release|x64.Build.0 = Release|Any CPU
		{D4369C4F-ACCF-4453-8E4C-303C964DF956}.Release|x86.ActiveCfg = Release|Any CPU
		{D4369C4F-ACCF-4453-8E4C-303C964DF956}.Release|x86.Build.0 = Release|Any CPU
		{C83AD540-6691-4CB3-8578-A46E0DE12BF1}.Debug|Any CPU.ActiveCfg = Debug|Any CPU
		{C83AD540-6691-4CB3-8578-A46E0DE12BF1}.Debug|Any CPU.Build.0 = Debug|Any CPU
		{C83AD540-6691-4CB3-8578-A46E0DE12BF1}.Debug|x64.ActiveCfg = Debug|Any CPU
		{C83AD540-6691-4CB3-8578-A46E0DE12BF1}.Debug|x64.Build.0 = Debug|Any CPU
		{C83AD540-6691-4CB3-8578-A46E0DE12BF1}.Debug|x86.ActiveCfg = Debug|Any CPU
		{C83AD540-6691-4CB3-8578-A46E0DE12BF1}.Debug|x86.Build.0 = Debug|Any CPU
		{C83AD540-6691-4CB3-8578-A46E0DE12BF1}.Release|Any CPU.ActiveCfg = Release|Any CPU
		{C83AD540-6691-4CB3-8578-A46E0DE12BF1}.Release|Any CPU.Build.0 = Release|Any CPU
		{C83AD540-6691-4CB3-8578-A46E0DE12BF1}.Release|x64.ActiveCfg = Release|Any CPU
		{C83AD540-6691-4CB3-8578-A46E0DE12BF1}.Release|x64.Build.0 = Release|Any CPU
		{C83AD540-6691-4CB3-8578-A46E0DE12BF1}.Release|x86.ActiveCfg = Release|Any CPU
		{C83AD540-6691-4CB3-8578-A46E0DE12BF1}.Release|x86.Build.0 = Release|Any CPU
		{CCADCB23-EE83-4AAD-B8AA-FB84D9D0B1C4}.Debug|Any CPU.ActiveCfg = Debug|Any CPU
		{CCADCB23-EE83-4AAD-B8AA-FB84D9D0B1C4}.Debug|Any CPU.Build.0 = Debug|Any CPU
		{CCADCB23-EE83-4AAD-B8AA-FB84D9D0B1C4}.Debug|x64.ActiveCfg = Debug|Any CPU
		{CCADCB23-EE83-4AAD-B8AA-FB84D9D0B1C4}.Debug|x64.Build.0 = Debug|Any CPU
		{CCADCB23-EE83-4AAD-B8AA-FB84D9D0B1C4}.Debug|x86.ActiveCfg = Debug|Any CPU
		{CCADCB23-EE83-4AAD-B8AA-FB84D9D0B1C4}.Debug|x86.Build.0 = Debug|Any CPU
		{CCADCB23-EE83-4AAD-B8AA-FB84D9D0B1C4}.Release|Any CPU.ActiveCfg = Release|Any CPU
		{CCADCB23-EE83-4AAD-B8AA-FB84D9D0B1C4}.Release|Any CPU.Build.0 = Release|Any CPU
		{CCADCB23-EE83-4AAD-B8AA-FB84D9D0B1C4}.Release|x64.ActiveCfg = Release|Any CPU
		{CCADCB23-EE83-4AAD-B8AA-FB84D9D0B1C4}.Release|x64.Build.0 = Release|Any CPU
		{CCADCB23-EE83-4AAD-B8AA-FB84D9D0B1C4}.Release|x86.ActiveCfg = Release|Any CPU
		{CCADCB23-EE83-4AAD-B8AA-FB84D9D0B1C4}.Release|x86.Build.0 = Release|Any CPU
	EndGlobalSection
	GlobalSection(SolutionProperties) = preSolution
		HideSolutionNode = FALSE
	EndGlobalSection
	GlobalSection(NestedProjects) = preSolution
		{C82AD558-CEC5-463E-9CA3-451DF7D5F785} = {AE469D2E-EF21-4F07-B5B4-46BBC4061D10}
		{006D9C54-6352-4131-A909-6E11FA5D5F2A} = {4B907854-B08B-41DD-95CB-3D9358987AEA}
		{9DCFA3C3-EB01-4D6A-8118-59ACC423541A} = {AE469D2E-EF21-4F07-B5B4-46BBC4061D10}
		{D4369C4F-ACCF-4453-8E4C-303C964DF956} = {4B907854-B08B-41DD-95CB-3D9358987AEA}
		{C83AD540-6691-4CB3-8578-A46E0DE12BF1} = {AE469D2E-EF21-4F07-B5B4-46BBC4061D10}
		{CCADCB23-EE83-4AAD-B8AA-FB84D9D0B1C4} = {AE469D2E-EF21-4F07-B5B4-46BBC4061D10}
	EndGlobalSection
	GlobalSection(ExtensibilityGlobals) = postSolution
		SolutionGuid = {114ACC43-D125-4D91-AFEF-45CFA403FAAF}
	EndGlobalSection
EndGlobal
